
Microsoft Visual Studio Solution File, Format Version 12.00
# Visual Studio 16
VisualStudioVersion = 15.0.28307.168
MinimumVisualStudioVersion = 10.0.40219.1
Project("{FAE04EC0-301F-11D3-BF4B-00C04F79EFBC}") = "WpfDateFilterDashboardItemSample", "WpfDateFilterDashboardItemSample\WpfDateFilterDashboardItemSample.Net5.csproj", "{C0CEBA77-D195-4AD5-9D04-7981815BD326}"
EndProject
Global
	GlobalSection(SolutionConfigurationPlatforms) = preSolution
		Debug|Any CPU = Debug|Any CPU
		Release|Any CPU = Release|Any CPU
	EndGlobalSection
	GlobalSection(ProjectConfigurationPlatforms) = postSolution
		{C0CEBA77-D195-4AD5-9D04-7981815BD326}.Debug|Any CPU.ActiveCfg = Debug|Any CPU
		{C0CEBA77-D195-4AD5-9D04-7981815BD326}.Debug|Any CPU.Build.0 = Debug|Any CPU
		{C0CEBA77-D195-4AD5-9D04-7981815BD326}.Release|Any CPU.ActiveCfg = Release|Any CPU
		{C0CEBA77-D195-4AD5-9D04-7981815BD326}.Release|Any CPU.Build.0 = Release|Any CPU
	EndGlobalSection
	GlobalSection(SolutionProperties) = preSolution
		HideSolutionNode = FALSE
	EndGlobalSection
	GlobalSection(ExtensibilityGlobals) = postSolution
		SolutionGuid = {6724A8E3-2052-49B6-AE14-5960AA3A47D0}
	EndGlobalSection
EndGlobal
